#MicroXplorer Configuration settings - do not modify
ADC3.Channel-0\#ChannelRegularConversion=ADC_CHANNEL_0
ADC3.ContinuousConvMode=DISABLE
ADC3.ExternalTrigConv=ADC_EXTERNALTRIG_T2_TRGO
ADC3.IPParameters=Rank-0\#ChannelRegularConversion,Channel-0\#ChannelRegularConversion,SamplingTime-0\#ChannelRegularConversion,OffsetNumber-0\#ChannelRegularConversion,NbrOfConversionFlag,Resolution,ContinuousConvMode,ExternalTrigConv
ADC3.NbrOfConversionFlag=1
ADC3.OffsetNumber-0\#ChannelRegularConversion=ADC_OFFSET_NONE
ADC3.Rank-0\#ChannelRegularConversion=1
ADC3.Resolution=ADC_RESOLUTION_14B
ADC3.SamplingTime-0\#ChannelRegularConversion=ADC_SAMPLETIME_1CYCLE_5
Dma.Request0=SAI1_A
Dma.Request1=SAI1_B
Dma.RequestsNb=2
Dma.SAI1_A.0.Direction=DMA_MEMORY_TO_PERIPH
Dma.SAI1_A.0.EventEnable=DISABLE
Dma.SAI1_A.0.FIFOMode=DMA_FIFOMODE_ENABLE
Dma.SAI1_A.0.FIFOThreshold=DMA_FIFO_THRESHOLD_FULL
Dma.SAI1_A.0.Instance=DMA1_Stream0
Dma.SAI1_A.0.MemBurst=DMA_MBURST_SINGLE
Dma.SAI1_A.0.MemDataAlignment=DMA_MDATAALIGN_WORD
Dma.SAI1_A.0.MemInc=DMA_MINC_ENABLE
Dma.SAI1_A.0.Mode=DMA_CIRCULAR
Dma.SAI1_A.0.PeriphBurst=DMA_PBURST_SINGLE
Dma.SAI1_A.0.PeriphDataAlignment=DMA_PDATAALIGN_WORD
Dma.SAI1_A.0.PeriphInc=DMA_PINC_DISABLE
Dma.SAI1_A.0.Polarity=HAL_DMAMUX_REQ_GEN_RISING
Dma.SAI1_A.0.Priority=DMA_PRIORITY_MEDIUM
Dma.SAI1_A.0.RequestNumber=1
Dma.SAI1_A.0.RequestParameters=Instance,Direction,PeriphInc,MemInc,PeriphDataAlignment,MemDataAlignment,Mode,Priority,FIFOMode,FIFOThreshold,MemBurst,PeriphBurst,SignalID,Polarity,RequestNumber,SyncSignalID,SyncPolarity,SyncEnable,EventEnable,SyncRequestNumber
Dma.SAI1_A.0.SignalID=NONE
Dma.SAI1_A.0.SyncEnable=DISABLE
Dma.SAI1_A.0.SyncPolarity=HAL_DMAMUX_SYNC_NO_EVENT
Dma.SAI1_A.0.SyncRequestNumber=1
Dma.SAI1_A.0.SyncSignalID=NONE
Dma.SAI1_B.1.Direction=DMA_PERIPH_TO_MEMORY
Dma.SAI1_B.1.EventEnable=DISABLE
Dma.SAI1_B.1.FIFOMode=DMA_FIFOMODE_ENABLE
Dma.SAI1_B.1.FIFOThreshold=DMA_FIFO_THRESHOLD_FULL
Dma.SAI1_B.1.Instance=DMA1_Stream1
Dma.SAI1_B.1.MemBurst=DMA_MBURST_SINGLE
Dma.SAI1_B.1.MemDataAlignment=DMA_MDATAALIGN_WORD
Dma.SAI1_B.1.MemInc=DMA_MINC_ENABLE
Dma.SAI1_B.1.Mode=DMA_CIRCULAR
Dma.SAI1_B.1.PeriphBurst=DMA_PBURST_SINGLE
Dma.SAI1_B.1.PeriphDataAlignment=DMA_PDATAALIGN_WORD
Dma.SAI1_B.1.PeriphInc=DMA_PINC_DISABLE
Dma.SAI1_B.1.Polarity=HAL_DMAMUX_REQ_GEN_RISING
Dma.SAI1_B.1.Priority=DMA_PRIORITY_MEDIUM
Dma.SAI1_B.1.RequestNumber=1
Dma.SAI1_B.1.RequestParameters=Instance,Direction,PeriphInc,MemInc,PeriphDataAlignment,MemDataAlignment,Mode,Priority,FIFOMode,FIFOThreshold,MemBurst,PeriphBurst,SignalID,Polarity,RequestNumber,SyncSignalID,SyncPolarity,SyncEnable,EventEnable,SyncRequestNumber
Dma.SAI1_B.1.SignalID=NONE
Dma.SAI1_B.1.SyncEnable=DISABLE
Dma.SAI1_B.1.SyncPolarity=HAL_DMAMUX_SYNC_NO_EVENT
Dma.SAI1_B.1.SyncRequestNumber=1
Dma.SAI1_B.1.SyncSignalID=NONE
File.Version=6
GPIO.groupedBy=Group By Peripherals
KeepUserPlacement=false
Mcu.CPN=STM32H743ZIT6
Mcu.Family=STM32H7
Mcu.IP0=ADC3
Mcu.IP1=CORTEX_M7
Mcu.IP10=SPI4
Mcu.IP11=SYS
Mcu.IP12=TIM2
Mcu.IP13=UART4
Mcu.IP14=UART5
Mcu.IP15=USB_OTG_FS
Mcu.IP2=DEBUG
Mcu.IP3=DMA
Mcu.IP4=LTDC
Mcu.IP5=NVIC
Mcu.IP6=QUADSPI
Mcu.IP7=RCC
Mcu.IP8=SAI1
Mcu.IP9=SPI1
Mcu.IPNb=16
Mcu.Name=STM32H743ZITx
Mcu.Package=LQFP144
Mcu.Pin0=PE2
Mcu.Pin1=PE3
Mcu.Pin10=PH0-OSC_IN (PH0)
Mcu.Pin11=PH1-OSC_OUT (PH1)
Mcu.Pin12=PC0
Mcu.Pin13=PC1
Mcu.Pin14=PC2_C
Mcu.Pin15=PC3_C
Mcu.Pin16=PA0
Mcu.Pin17=PA1
Mcu.Pin18=PA2
Mcu.Pin19=PA3
Mcu.Pin2=PE4
Mcu.Pin20=PA4
Mcu.Pin21=PA5
Mcu.Pin22=PA6
Mcu.Pin23=PA7
Mcu.Pin24=PC4
Mcu.Pin25=PB0
Mcu.Pin26=PB1
Mcu.Pin27=PB2
Mcu.Pin28=PG0
Mcu.Pin29=PE7
Mcu.Pin3=PE5
Mcu.Pin30=PE8
Mcu.Pin31=PE9
Mcu.Pin32=PE10
Mcu.Pin33=PE11
Mcu.Pin34=PE12
Mcu.Pin35=PE13
Mcu.Pin36=PE14
Mcu.Pin37=PE15
Mcu.Pin38=PB10
Mcu.Pin39=PB11
Mcu.Pin4=PE6
Mcu.Pin40=PB12
Mcu.Pin41=PB13
Mcu.Pin42=PB14
Mcu.Pin43=PB15
Mcu.Pin44=PD10
Mcu.Pin45=PD11
Mcu.Pin46=PD12
Mcu.Pin47=PD13
Mcu.Pin48=PG8
Mcu.Pin49=PC6
Mcu.Pin5=PF0
Mcu.Pin50=PC7
Mcu.Pin51=PC9
Mcu.Pin52=PA10
Mcu.Pin53=PA11
Mcu.Pin54=PA12
Mcu.Pin55=PA13 (JTMS/SWDIO)
Mcu.Pin56=PA14 (JTCK/SWCLK)
Mcu.Pin57=PA15 (JTDI)
Mcu.Pin58=PC10
Mcu.Pin59=PC11
Mcu.Pin6=PF1
Mcu.Pin60=PD7
Mcu.Pin61=PG9
Mcu.Pin62=PG10
Mcu.Pin63=PG11
Mcu.Pin64=PB3 (JTDO/TRACESWO)
Mcu.Pin65=PB4 (NJTRST)
Mcu.Pin66=PB8
Mcu.Pin67=PB9
Mcu.Pin68=VP_ADC3_TempSens_Input
Mcu.Pin69=VP_SAI1_VP_$IpInstance_SAIA_SAI_BASIC
Mcu.Pin7=PF8
Mcu.Pin70=VP_SAI1_VP_$IpInstance_SAIB_SAI_BASIC
Mcu.Pin71=VP_SYS_VS_Systick
Mcu.Pin72=VP_TIM2_VS_ClockSourceINT
Mcu.Pin73=VP_TIM2_VS_no_output1
Mcu.Pin8=PF9
Mcu.Pin9=PF10
Mcu.PinsNb=74
Mcu.ThirdPartyNb=0
Mcu.UserConstants=
Mcu.UserName=STM32H743ZITx
MxCube.Version=6.5.0
MxDb.Version=DB.6.0.50
NVIC.ADC3_IRQn=true\:0\:0\:false\:false\:true\:true\:true\:true
NVIC.BusFault_IRQn=true\:0\:0\:false\:false\:true\:false\:false\:true
NVIC.DMA1_Stream0_IRQn=true\:0\:0\:false\:false\:true\:false\:true\:true
NVIC.DMA1_Stream1_IRQn=true\:0\:0\:false\:false\:true\:false\:true\:true
NVIC.DebugMonitor_IRQn=true\:0\:0\:false\:false\:true\:false\:false\:true
NVIC.ForceEnableDMAVector=true
NVIC.HardFault_IRQn=true\:0\:0\:false\:false\:true\:false\:false\:true
NVIC.MemoryManagement_IRQn=true\:0\:0\:false\:false\:true\:false\:false\:true
NVIC.NonMaskableInt_IRQn=true\:0\:0\:false\:false\:true\:false\:false\:true
NVIC.PendSV_IRQn=true\:0\:0\:false\:false\:true\:false\:false\:true
NVIC.PriorityGroup=NVIC_PRIORITYGROUP_4
NVIC.SVCall_IRQn=true\:0\:0\:false\:false\:true\:false\:false\:true
NVIC.SysTick_IRQn=true\:0\:0\:false\:false\:true\:false\:true\:true
NVIC.TIM2_IRQn=true\:0\:0\:false\:false\:true\:true\:true\:true
NVIC.UART4_IRQn=true\:0\:0\:false\:false\:true\:true\:true\:true
NVIC.UART5_IRQn=true\:0\:0\:false\:false\:true\:true\:true\:true
NVIC.UsageFault_IRQn=true\:0\:0\:false\:false\:true\:false\:false\:true
PA0.GPIOParameters=GPIO_Label
PA0.GPIO_Label=UART_TX
PA0.Mode=Asynchronous
PA0.Signal=UART4_TX
PA1.GPIOParameters=GPIO_Label
PA1.GPIO_Label=UART_RX
PA1.Mode=Asynchronous
PA1.Signal=UART4_RX
PA10.Mode=RGB666
PA10.Signal=LTDC_B4
PA11.Mode=Host_Only
PA11.Signal=USB_OTG_FS_DM
PA12.Mode=Host_Only
PA12.Signal=USB_OTG_FS_DP
PA13\ (JTMS/SWDIO).Mode=JTAG_5_pins
PA13\ (JTMS/SWDIO).Signal=DEBUG_JTMS-SWDIO
PA14\ (JTCK/SWCLK).Mode=JTAG_5_pins
PA14\ (JTCK/SWCLK).Signal=DEBUG_JTCK-SWCLK
PA15\ (JTDI).Mode=JTAG_5_pins
PA15\ (JTDI).Signal=DEBUG_JTDI
PA2.GPIOParameters=GPIO_Label
PA2.GPIO_Label=buzzer
PA2.Locked=true
PA2.Signal=GPIO_Output
PA3.Mode=RGB666
PA3.Signal=LTDC_B5
PA4.Mode=RGB666
PA4.Signal=LTDC_VSYNC
PA5.Mode=RGB666
PA5.Signal=LTDC_R4
PA6.Mode=RGB666
PA6.Signal=LTDC_G2
PA7.GPIOParameters=GPIO_Label
PA7.GPIO_Label=AUDIO_SPI_MOSI
PA7.Mode=Full_Duplex_Master
PA7.Signal=SPI1_MOSI
PB0.Mode=RGB666
PB0.Signal=LTDC_R3
PB1.Mode=RGB666
PB1.Signal=LTDC_R6
PB10.Mode=RGB666
PB10.Signal=LTDC_G4
PB11.Mode=RGB666
PB11.Signal=LTDC_G5
PB12.GPIOParameters=GPIO_Label
PB12.GPIO_Label=MIDI_in
PB12.Mode=Asynchronous
PB12.Signal=UART5_RX
PB13.GPIOParameters=GPIO_Label
PB13.GPIO_Label=MIDI_out
PB13.Mode=Asynchronous
PB13.Signal=UART5_TX
PB14.GPIOParameters=GPIO_Label
PB14.GPIO_Label=UART_RTS
PB14.Mode=CTS_RTS
PB14.Signal=UART4_RTS
PB15.GPIOParameters=GPIO_Label
PB15.GPIO_Label=UART_CTS
PB15.Mode=CTS_RTS
PB15.Signal=UART4_CTS
PB2.Mode=Single Bank 2
PB2.Signal=QUADSPI_CLK
PB3\ (JTDO/TRACESWO).Mode=JTAG_5_pins
PB3\ (JTDO/TRACESWO).Signal=DEBUG_JTDO-SWO
PB4\ (NJTRST).Mode=JTAG_5_pins
PB4\ (NJTRST).Signal=DEBUG_JTRST
PB8.Mode=RGB666
PB8.Signal=LTDC_B6
PB9.Mode=RGB666
PB9.Signal=LTDC_B7
PC0.Mode=RGB666
PC0.Signal=LTDC_R5
PC1.Mode=SAI_A_MasterWithClock
PC1.Signal=SAI1_SD_A
PC10.Mode=RGB666
PC10.Signal=LTDC_R2
PC11.Mode=Single Bank 2
PC11.Signal=QUADSPI_BK2_NCS
PC2_C.GPIOParameters=GPIO_Label
PC2_C.GPIO_Label=analog_in_1
PC2_C.Mode=IN0-Single-Ended
PC2_C.Signal=ADC3_INP0
PC3_C.GPIOParameters=GPIO_Label
PC3_C.GPIO_Label=analog_in_2
PC3_C.Mode=IN1-Single-Ended
PC3_C.Signal=ADC3_INP1
PC4.GPIOParameters=GPIO_Label
PC4.GPIO_Label=pb_array
PC4.Locked=true
PC4.Signal=GPIO_Input
PC6.Mode=RGB666
PC6.Signal=LTDC_HSYNC
PC7.Mode=RGB666
PC7.Signal=LTDC_G6
PC9.Mode=RGB666
PC9.Signal=LTDC_B2
PD10.Mode=RGB666
PD10.Signal=LTDC_B3
PD11.GPIOParameters=GPIO_Label
PD11.GPIO_Label=MUX_sel_A
PD11.Locked=true
PD11.Signal=GPIO_Output
PD12.GPIOParameters=GPIO_Label
PD12.GPIO_Label=MUX_sel_B
PD12.Locked=true
PD12.Signal=GPIO_Output
PD13.GPIOParameters=GPIO_Label
PD13.GPIO_Label=MUX_sel_C
PD13.Locked=true
PD13.Signal=GPIO_Output
PD7.GPIOParameters=GPIO_Label
PD7.GPIO_Label=audio_codec_reset
PD7.Locked=true
PD7.Signal=GPIO_Output
PE10.Mode=Single Bank 2
PE10.Signal=QUADSPI_BK2_IO3
PE11.Mode=RGB666
PE11.Signal=LTDC_G3
PE12.GPIOParameters=GPIO_Label
PE12.GPIO_Label=LED_SPI_CLK
PE12.Mode=TX_Only_Simplex_Unidirect_Master
PE12.Signal=SPI4_SCK
PE13.GPIOParameters=GPIO_Label
PE13.GPIO_Label=LED_SPI_reg_UPD
PE13.Locked=true
PE13.Signal=GPIO_Output
PE14.Mode=RGB666
PE14.Signal=LTDC_CLK
PE15.Mode=RGB666
PE15.Signal=LTDC_R7
PE2.Mode=SAI_A_MasterWithClock
PE2.Signal=SAI1_MCLK_A
PE3.Mode=SAI_B_Master
PE3.Signal=SAI1_SD_B
PE4.Mode=SAI_A_MasterWithClock
PE4.Signal=SAI1_FS_A
PE5.Mode=SAI_A_MasterWithClock
PE5.Signal=SAI1_SCK_A
PE6.GPIOParameters=GPIO_Label
PE6.GPIO_Label=LED_SPI_MOSI
PE6.Mode=TX_Only_Simplex_Unidirect_Master
PE6.Signal=SPI4_MOSI
PE7.Mode=Single Bank 2
PE7.Signal=QUADSPI_BK2_IO0
PE8.Mode=Single Bank 2
PE8.Signal=QUADSPI_BK2_IO1
PE9.Mode=Single Bank 2
PE9.Signal=QUADSPI_BK2_IO2
PF0.GPIOParameters=GPIO_Label
PF0.GPIO_Label=user_LED_right
PF0.Locked=true
PF0.Signal=GPIO_Output
PF1.GPIOParameters=GPIO_Label
PF1.GPIO_Label=user_LED_left
PF1.Locked=true
PF1.Signal=GPIO_Output
PF10.Mode=RGB666
PF10.Signal=LTDC_DE
PF8.Mode=SAI_B_Master
PF8.Signal=SAI1_SCK_B
PF9.Mode=SAI_B_Master
PF9.Signal=SAI1_FS_B
PG0.GPIOParameters=GPIO_Label
PG0.GPIO_Label=TP17
PG0.Locked=true
PG0.Signal=GPIO_Output
PG10.GPIOParameters=GPIO_Label
PG10.GPIO_Label=audio_SPI_MS
PG10.Locked=true
PG10.Mode=NSS_Signal_Hard_Output
PG10.Signal=SPI1_NSS
PG11.GPIOParameters=GPIO_Label
PG11.GPIO_Label=audio_SPI_MCLK
PG11.Locked=true
PG11.Mode=Full_Duplex_Master
PG11.Signal=SPI1_SCK
PG8.Mode=RGB666
PG8.Signal=LTDC_G7
PG9.GPIOParameters=GPIO_Label
PG9.GPIO_Label=audio_SPI_MISO
PG9.Locked=true
PG9.Mode=Full_Duplex_Master
PG9.Signal=SPI1_MISO
PH0-OSC_IN\ (PH0).Mode=HSE-External-Oscillator
PH0-OSC_IN\ (PH0).Signal=RCC_OSC_IN
PH1-OSC_OUT\ (PH1).Mode=HSE-External-Oscillator
PH1-OSC_OUT\ (PH1).Signal=RCC_OSC_OUT
PinOutPanel.RotationAngle=0
ProjectManager.AskForMigrate=true
ProjectManager.BackupPrevious=false
ProjectManager.CompilerOptimize=6
ProjectManager.ComputerToolchain=false
ProjectManager.CoupleFile=true
ProjectManager.CustomerFirmwarePackage=
ProjectManager.DefaultFWLocation=true
ProjectManager.DeletePrevious=true
ProjectManager.DeviceId=STM32H743ZITx
ProjectManager.FirmwarePackage=STM32Cube FW_H7 V1.10.0
ProjectManager.FreePins=false
ProjectManager.HalAssertFull=false
ProjectManager.HeapSize=0x200
ProjectManager.KeepUserCode=true
ProjectManager.LastFirmware=true
ProjectManager.LibraryCopy=1
ProjectManager.MainLocation=Core/Src
ProjectManager.NoMain=false
ProjectManager.PreviousToolchain=STM32CubeIDE
ProjectManager.ProjectBuild=false
ProjectManager.ProjectFileName=genesys_core.ioc
ProjectManager.ProjectName=genesys_core
ProjectManager.RegisterCallBack=
ProjectManager.StackSize=0x400
ProjectManager.TargetToolchain=STM32CubeIDE
ProjectManager.ToolChainLocation=
ProjectManager.UnderRoot=true
ProjectManager.functionlistsort=1-MX_GPIO_Init-GPIO-false-HAL-true,2-SystemClock_Config-RCC-false-HAL-false,3-MX_ADC3_Init-ADC3-false-HAL-true,4-MX_LTDC_Init-LTDC-false-HAL-true,5-MX_QUADSPI_Init-QUADSPI-false-HAL-true,6-MX_SAI1_Init-SAI1-false-HAL-true,7-MX_SPI1_Init-SPI1-false-HAL-true,8-MX_SPI4_Init-SPI4-false-HAL-true,9-MX_UART4_Init-UART4-false-HAL-true,10-MX_UART5_Init-UART5-false-HAL-true,11-MX_USB_OTG_FS_HCD_Init-USB_OTG_FS-false-HAL-true,12-MX_DMA_Init-DMA-false-HAL-true,13-MX_TIM2_Init-TIM2-false-HAL-true,0-MX_CORTEX_M7_Init-CORTEX_M7-false-HAL-true
RCC.ADCCLockSelection=RCC_ADCCLKSOURCE_PLL3
RCC.ADCFreq_Value=48000000
RCC.AHB12Freq_Value=240000000
RCC.AHB4Freq_Value=240000000
RCC.APB1Freq_Value=120000000
RCC.APB2Freq_Value=120000000
RCC.APB3Freq_Value=120000000
RCC.APB4Freq_Value=120000000
RCC.AXIClockFreq_Value=240000000
RCC.CECFreq_Value=32000
RCC.CKPERFreq_Value=64000000
RCC.CortexFreq_Value=480000000
RCC.CpuClockFreq_Value=480000000
RCC.D1CPREFreq_Value=480000000
RCC.D1PPRE=RCC_APB3_DIV2
RCC.D2PPRE1=RCC_APB1_DIV2
RCC.D2PPRE2=RCC_APB2_DIV2
RCC.D3PPRE=RCC_APB4_DIV2
RCC.DFSDMACLkFreq_Value=122916666.66666666
RCC.DFSDMFreq_Value=120000000
RCC.DIVM1=5
RCC.DIVM2=12
RCC.DIVM3=25
RCC.DIVN1=192
RCC.DIVN2=118
RCC.DIVN3=192
RCC.DIVP1Freq_Value=480000000
RCC.DIVP2Freq_Value=122916666.66666666
RCC.DIVP3=4
RCC.DIVP3Freq_Value=48000000
RCC.DIVQ1Freq_Value=480000000
RCC.DIVQ2=128
RCC.DIVQ2Freq_Value=1920572.9166666665
RCC.DIVQ3=4
RCC.DIVQ3Freq_Value=48000000
RCC.DIVR1Freq_Value=480000000
RCC.DIVR2=128
RCC.DIVR2Freq_Value=1920572.9166666665
RCC.DIVR3=4
RCC.DIVR3Freq_Value=48000000
RCC.EnbaleCSS=false
RCC.FDCANFreq_Value=480000000
RCC.FMCFreq_Value=240000000
RCC.FamilyName=M
RCC.HCLK3ClockFreq_Value=240000000
RCC.HCLKFreq_Value=240000000
RCC.HPRE=RCC_HCLK_DIV2
RCC.HRTIMFreq_Value=120000000
RCC.I2C123Freq_Value=120000000
RCC.I2C4Freq_Value=120000000
RCC.IPParameters=ADCCLockSelection,ADCFreq_Value,AHB12Freq_Value,AHB4Freq_Value,APB1Freq_Value,APB2Freq_Value,APB3Freq_Value,APB4Freq_Value,AXIClockFreq_Value,CECFreq_Value,CKPERFreq_Value,CortexFreq_Value,CpuClockFreq_Value,D1CPREFreq_Value,D1PPRE,D2PPRE1,D2PPRE2,D3PPRE,DFSDMACLkFreq_Value,DFSDMFreq_Value,DIVM1,DIVM2,DIVM3,DIVN1,DIVN2,DIVN3,DIVP1Freq_Value,DIVP2Freq_Value,DIVP3,DIVP3Freq_Value,DIVQ1Freq_Value,DIVQ2,DIVQ2Freq_Value,DIVQ3,DIVQ3Freq_Value,DIVR1Freq_Value,DIVR2,DIVR2Freq_Value,DIVR3,DIVR3Freq_Value,EnbaleCSS,FDCANFreq_Value,FMCFreq_Value,FamilyName,HCLK3ClockFreq_Value,HCLKFreq_Value,HPRE,HRTIMFreq_Value,I2C123Freq_Value,I2C4Freq_Value,LPTIM1Freq_Value,LPTIM2Freq_Value,LPTIM345Freq_Value,LPUART1Freq_Value,LTDCFreq_Value,MCO1PinFreq_Value,MCO2PinFreq_Value,QSPIFreq_Value,RNGFreq_Value,RTCFreq_Value,SAI1CLockSelection,SAI1Freq_Value,SAI23Freq_Value,SAI4AFreq_Value,SAI4BFreq_Value,SDMMCFreq_Value,SPDIFRXFreq_Value,SPI123CLockSelection,SPI123Freq_Value,SPI45Freq_Value,SPI6Freq_Value,SWPMI1Freq_Value,SYSCLKFreq_VALUE,SYSCLKSource,Spi45ClockSelection,Tim1OutputFreq_Value,Tim2Mul,Tim2OutputFreq_Value,TraceFreq_Value,USART16Freq_Value,USART234578CLockSelection,USART234578Freq_Value,USBCLockSelection,USBFreq_Value,VCO1OutputFreq_Value,VCO2OutputFreq_Value,VCO3OutputFreq_Value,VCOInput1Freq_Value,VCOInput2Freq_Value,VCOInput3Freq_Value
RCC.LPTIM1Freq_Value=120000000
RCC.LPTIM2Freq_Value=120000000
RCC.LPTIM345Freq_Value=120000000
RCC.LPUART1Freq_Value=120000000
RCC.LTDCFreq_Value=48000000
RCC.MCO1PinFreq_Value=64000000
RCC.MCO2PinFreq_Value=480000000
RCC.QSPIFreq_Value=240000000
RCC.RNGFreq_Value=48000000
RCC.RTCFreq_Value=32000
RCC.SAI1CLockSelection=RCC_SAI1CLKSOURCE_PLL2
RCC.SAI1Freq_Value=122916666.66666666
RCC.SAI23Freq_Value=480000000
RCC.SAI4AFreq_Value=480000000
RCC.SAI4BFreq_Value=480000000
RCC.SDMMCFreq_Value=480000000
RCC.SPDIFRXFreq_Value=480000000
RCC.SPI123CLockSelection=RCC_SPI123CLKSOURCE_PLL3
RCC.SPI123Freq_Value=48000000
RCC.SPI45Freq_Value=48000000
RCC.SPI6Freq_Value=120000000
RCC.SWPMI1Freq_Value=120000000
RCC.SYSCLKFreq_VALUE=480000000
RCC.SYSCLKSource=RCC_SYSCLKSOURCE_PLLCLK
RCC.Spi45ClockSelection=RCC_SPI45CLKSOURCE_PLL3
RCC.Tim1OutputFreq_Value=240000000
RCC.Tim2Mul=1
RCC.Tim2OutputFreq_Value=120000000
RCC.TraceFreq_Value=480000000
RCC.USART16Freq_Value=120000000
RCC.USART234578CLockSelection=RCC_USART234578CLKSOURCE_PLL3
RCC.USART234578Freq_Value=48000000
RCC.USBCLockSelection=RCC_USBCLKSOURCE_PLL3
RCC.USBFreq_Value=48000000
RCC.VCO1OutputFreq_Value=960000000
RCC.VCO2OutputFreq_Value=245833333.3333333
RCC.VCO3OutputFreq_Value=192000000
RCC.VCOInput1Freq_Value=5000000
RCC.VCOInput2Freq_Value=2083333.3333333333
RCC.VCOInput3Freq_Value=1000000
SAI1.AudioFrequency-SAI_A_MasterWithClock=SAI_AUDIO_FREQUENCY_48K
SAI1.AudioFrequency-SAI_B_Master=SAI_AUDIO_FREQUENCY_48K
SAI1.AudioMode-SAI_B_Master=SAI_MODEMASTER_RX
SAI1.BasicDataSize-SAI_A_MasterWithClock=SAI_PROTOCOL_DATASIZE_24BIT
SAI1.BasicDataSize-SAI_B_Master=SAI_PROTOCOL_DATASIZE_24BIT
SAI1.BasicProtocol-SAI_A_MasterWithClock=SAI_I2S_MSBJUSTIFIED
SAI1.BasicProtocol-SAI_B_Master=SAI_I2S_MSBJUSTIFIED
SAI1.BasicSlotNumber-SAI_A_MasterWithClock=8
SAI1.BasicSlotNumber-SAI_B_Master=8
SAI1.ErrorAudioFreq-SAI_A_MasterWithClock=0.02 %
SAI1.ErrorAudioFreq-SAI_B_Master=0.02 %
SAI1.IPParameters=Instance-SAI_A_MasterWithClock,VirtualMode-SAI_A_MasterWithClock,MClockEnable-SAI_A_MasterWithClock,RealAudioFreq-SAI_A_MasterWithClock,ErrorAudioFreq-SAI_A_MasterWithClock,InitProtocol-SAI_A_MasterWithClock,VirtualProtocol-SAI_A_BASIC,VirtualProtocol-SAI_B_BASIC,BasicDataSize-SAI_A_MasterWithClock,BasicProtocol-SAI_A_MasterWithClock,BasicSlotNumber-SAI_A_MasterWithClock,AudioFrequency-SAI_A_MasterWithClock,AudioMode-SAI_B_Master,BasicProtocol-SAI_B_Master,NoDivider-SAI_B_Master,RealAudioFreq-SAI_B_Master,ErrorAudioFreq-SAI_B_Master,Instance-SAI_B_Master,VirtualMode-SAI_B_Master,MClockEnable-SAI_B_Master,InitProtocol-SAI_B_Master,AudioFrequency-SAI_B_Master,BasicDataSize-SAI_B_Master,BasicSlotNumber-SAI_B_Master
SAI1.InitProtocol-SAI_A_MasterWithClock=Enable
SAI1.InitProtocol-SAI_B_Master=Enable
SAI1.Instance-SAI_A_MasterWithClock=SAI$Index_Block_A
SAI1.Instance-SAI_B_Master=SAI$Index_Block_B
SAI1.MClockEnable-SAI_A_MasterWithClock=SAI_MASTERCLOCK_ENABLE
SAI1.MClockEnable-SAI_B_Master=SAI_MASTERCLOCK_DISABLE
SAI1.NoDivider-SAI_B_Master=SAI_MASTERDIVIDER_ENABLE
SAI1.RealAudioFreq-SAI_A_MasterWithClock=48.014 KHz
SAI1.RealAudioFreq-SAI_B_Master=48.014 KHz
SAI1.VirtualMode-SAI_A_MasterWithClock=VM_MASTER
SAI1.VirtualMode-SAI_B_Master=VM_MASTER
SAI1.VirtualProtocol-SAI_A_BASIC=VM_BASIC_PROTOCOL
SAI1.VirtualProtocol-SAI_B_BASIC=VM_BASIC_PROTOCOL
SPI1.BaudRatePrescaler=SPI_BAUDRATEPRESCALER_128
SPI1.CalculateBaudRate=375.0 KBits/s
SPI1.DataSize=SPI_DATASIZE_8BIT
SPI1.Direction=SPI_DIRECTION_2LINES
SPI1.IPParameters=VirtualType,Mode,Direction,CalculateBaudRate,VirtualNSS,BaudRatePrescaler,DataSize,NSSPMode
SPI1.Mode=SPI_MODE_MASTER
SPI1.NSSPMode=SPI_NSS_PULSE_ENABLE
SPI1.VirtualNSS=VM_NSSHARD
SPI1.VirtualType=VM_MASTER
SPI4.BaudRatePrescaler=SPI_BAUDRATEPRESCALER_64
SPI4.CalculateBaudRate=750.0 KBits/s
SPI4.DataSize=SPI_DATASIZE_8BIT
SPI4.Direction=SPI_DIRECTION_2LINES_TXONLY
SPI4.IPParameters=VirtualType,Mode,Direction,CalculateBaudRate,BaudRatePrescaler,DataSize,NSSPMode
SPI4.Mode=SPI_MODE_MASTER
SPI4.NSSPMode=SPI_NSS_PULSE_DISABLE
SPI4.VirtualType=VM_MASTER
TIM2.Channel-PWM\ Generation1\ No\ Output=TIM_CHANNEL_1
TIM2.IPParameters=Prescaler,Period,Channel-PWM Generation1 No Output,TIM_MasterOutputTrigger
TIM2.Period=234374
TIM2.Prescaler=1023
TIM2.TIM_MasterOutputTrigger=TIM_TRGO_UPDATE
UART5.BaudRate=31250
UART5.IPParameters=BaudRate
USB_OTG_FS.IPParameters=VirtualMode,phy_itface
USB_OTG_FS.VirtualMode=Host_Only
USB_OTG_FS.phy_itface=HCD_PHY_EMBEDDED
VP_ADC3_TempSens_Input.Mode=IN-TempSens
VP_ADC3_TempSens_Input.Signal=ADC3_TempSens_Input
VP_SAI1_VP_$IpInstance_SAIA_SAI_BASIC.Mode=SAI_A_BASIC
VP_SAI1_VP_$IpInstance_SAIA_SAI_BASIC.Signal=SAI1_VP_$IpInstance_SAIA_SAI_BASIC
VP_SAI1_VP_$IpInstance_SAIB_SAI_BASIC.Mode=SAI_B_BASIC
VP_SAI1_VP_$IpInstance_SAIB_SAI_BASIC.Signal=SAI1_VP_$IpInstance_SAIB_SAI_BASIC
VP_SYS_VS_Systick.Mode=SysTick
VP_SYS_VS_Systick.Signal=SYS_VS_Systick
VP_TIM2_VS_ClockSourceINT.Mode=Internal
VP_TIM2_VS_ClockSourceINT.Signal=TIM2_VS_ClockSourceINT
VP_TIM2_VS_no_output1.Mode=PWM Generation1 No Output
VP_TIM2_VS_no_output1.Signal=TIM2_VS_no_output1
board=custom
isbadioc=false
